
Microsoft Visual Studio Solution File, Format Version 12.00
# Visual Studio Version 17
VisualStudioVersion = 17.5.33424.131
MinimumVisualStudioVersion = 10.0.40219.1
Project("{9A19103F-16F7-4668-BE54-9A1E7A4F7556}") = "DependentDashboard.Blazor.Server", "DependentDashboard.Blazor.Server\DependentDashboard.Blazor.Server.csproj", "{ECD2EC0B-0D51-497A-95DE-FDEBA1B2ABFC}"
EndProject
Project("{9A19103F-16F7-4668-BE54-9A1E7A4F7556}") = "DependentDashboard.Module", "DependentDashboard.Module\DependentDashboard.Module.csproj", "{D537FFB7-397D-40C7-A8BF-2FA23C2E22C2}"
EndProject
Project("{9A19103F-16F7-4668-BE54-9A1E7A4F7556}") = "DependentDashboard.Win", "DependentDashboard.Win\DependentDashboard.Win.csproj", "{4D3A34DA-115B-493B-8145-5E089957391B}"
EndProject

Global
	GlobalSection(SolutionConfigurationPlatforms) = preSolution
		Debug|Any CPU = Debug|Any CPU
		EasyTest|Any CPU = EasyTest|Any CPU
		Release|Any CPU = Release|Any CPU
	EndGlobalSection
	GlobalSection(ProjectConfigurationPlatforms) = postSolution
		{D537FFB7-397D-40C7-A8BF-2FA23C2E22C2}.Debug|Any CPU.ActiveCfg = Debug|Any CPU
		{D537FFB7-397D-40C7-A8BF-2FA23C2E22C2}.Debug|Any CPU.Build.0 = Debug|Any CPU
		{D537FFB7-397D-40C7-A8BF-2FA23C2E22C2}.EasyTest|Any CPU.ActiveCfg = EasyTest|Any CPU
		{D537FFB7-397D-40C7-A8BF-2FA23C2E22C2}.EasyTest|Any CPU.Build.0 = EasyTest|Any CPU
		{D537FFB7-397D-40C7-A8BF-2FA23C2E22C2}.Release|Any CPU.ActiveCfg = Release|Any CPU
		{D537FFB7-397D-40C7-A8BF-2FA23C2E22C2}.Release|Any CPU.Build.0 = Release|Any CPU
		{4D3A34DA-115B-493B-8145-5E089957391B}.Debug|Any CPU.ActiveCfg = Debug|Any CPU
		{4D3A34DA-115B-493B-8145-5E089957391B}.Debug|Any CPU.Build.0 = Debug|Any CPU
		{4D3A34DA-115B-493B-8145-5E089957391B}.EasyTest|Any CPU.ActiveCfg = EasyTest|Any CPU
		{4D3A34DA-115B-493B-8145-5E089957391B}.EasyTest|Any CPU.Build.0 = EasyTest|Any CPU
		{4D3A34DA-115B-493B-8145-5E089957391B}.Release|Any CPU.ActiveCfg = Release|Any CPU
		{4D3A34DA-115B-493B-8145-5E089957391B}.Release|Any CPU.Build.0 = Release|Any CPU
		{ECD2EC0B-0D51-497A-95DE-FDEBA1B2ABFC}.Debug|Any CPU.ActiveCfg = Debug|Any CPU
		{ECD2EC0B-0D51-497A-95DE-FDEBA1B2ABFC}.Debug|Any CPU.Build.0 = Debug|Any CPU
		{ECD2EC0B-0D51-497A-95DE-FDEBA1B2ABFC}.EasyTest|Any CPU.ActiveCfg = EasyTest|Any CPU
		{ECD2EC0B-0D51-497A-95DE-FDEBA1B2ABFC}.EasyTest|Any CPU.Build.0 = EasyTest|Any CPU
		{ECD2EC0B-0D51-497A-95DE-FDEBA1B2ABFC}.Release|Any CPU.ActiveCfg = Release|Any CPU
		{ECD2EC0B-0D51-497A-95DE-FDEBA1B2ABFC}.Release|Any CPU.Build.0 = Release|Any CPU
	EndGlobalSection
	GlobalSection(SolutionProperties) = preSolution
		HideSolutionNode = FALSE
	EndGlobalSection
EndGlobal
